
Microsoft Visual Studio Solution File, Format Version 12.00
# Visual Studio Version 16
VisualStudioVersion = 16.0.32106.194
MinimumVisualStudioVersion = 10.0.40219.1
Project("{FAE04EC0-301F-11D3-BF4B-00C04F79EFBC}") = "ballsBetter", "ballsBetter\ballsBetter.csproj", "{CC6E9D44-9C83-4F58-8AD3-511DD965BF60}"
EndProject
Global
	GlobalSection(SolutionConfigurationPlatforms) = preSolution
		Debug|Any CPU = Debug|Any CPU
		Release|Any CPU = Release|Any CPU
	EndGlobalSection
	GlobalSection(ProjectConfigurationPlatforms) = postSolution
		{CC6E9D44-9C83-4F58-8AD3-511DD965BF60}.Debug|Any CPU.ActiveCfg = Debug|Any CPU
		{CC6E9D44-9C83-4F58-8AD3-511DD965BF60}.Debug|Any CPU.Build.0 = Debug|Any CPU
		{CC6E9D44-9C83-4F58-8AD3-511DD965BF60}.Release|Any CPU.ActiveCfg = Release|Any CPU
		{CC6E9D44-9C83-4F58-8AD3-511DD965BF60}.Release|Any CPU.Build.0 = Release|Any CPU
	EndGlobalSection
	GlobalSection(SolutionProperties) = preSolution
		HideSolutionNode = FALSE
	EndGlobalSection
	GlobalSection(ExtensibilityGlobals) = postSolution
		SolutionGuid = {5CCD7F41-57AB-43F4-A874-FDA49702F067}
	EndGlobalSection
EndGlobal
